version: "3.8"

configs:
  clock-config:
    contents: $${services.clock.environment.CLOCK_TZ}
x-env-clock:
  test: foo
  test1: bar

services:
  clock:
    environment:
      <<: $${x-env-clock}
      CLOCK_TZ: America/Dallas

    image: si/clock:v1.0.1

    configs:
      - source: clock-config
        target: /etc/timezone

    logging: *logger-default

    deploy: *deploy-m1

